// !$*UTF8*$!
{
	archiveVersion = 1;
	classes = {
	};
	objectVersion = 55;
	objects = {

/* Begin PBXBuildFile section */
		A9448A4127F1D10100559FCD /* DetailListCell.swift in Sources */ = {isa = PBXBuildFile; fileRef = A9448A4027F1D10100559FCD /* DetailListCell.swift */; };
		A9448A4327F1D2E900559FCD /* DetailListBackgroundView.swift in Sources */ = {isa = PBXBuildFile; fileRef = A9448A4227F1D2E900559FCD /* DetailListBackgroundView.swift */; };
		A9448A4527F1D37700559FCD /* DetailListBackgroundViewModel.swift in Sources */ = {isa = PBXBuildFile; fileRef = A9448A4427F1D37700559FCD /* DetailListBackgroundViewModel.swift */; };
		A955464327EDED2900B202AD /* AppDelegate.swift in Sources */ = {isa = PBXBuildFile; fileRef = A955464227EDED2900B202AD /* AppDelegate.swift */; };
		A955464527EDED2900B202AD /* SceneDelegate.swift in Sources */ = {isa = PBXBuildFile; fileRef = A955464427EDED2900B202AD /* SceneDelegate.swift */; };
		A955464C27EDED2B00B202AD /* Assets.xcassets in Resources */ = {isa = PBXBuildFile; fileRef = A955464B27EDED2B00B202AD /* Assets.xcassets */; };
		A955464F27EDED2B00B202AD /* LaunchScreen.storyboard in Resources */ = {isa = PBXBuildFile; fileRef = A955464D27EDED2B00B202AD /* LaunchScreen.storyboard */; };
		A955468327EDFCFB00B202AD /* map_pinup_custom@3x.png in Resources */ = {isa = PBXBuildFile; fileRef = A955465E27EDFCFB00B202AD /* map_pinup_custom@3x.png */; };
		A955468427EDFCFB00B202AD /* map_pin_custom.png in Resources */ = {isa = PBXBuildFile; fileRef = A955465F27EDFCFB00B202AD /* map_pin_custom.png */; };
		A955468527EDFCFB00B202AD /* shadow_balloon.png in Resources */ = {isa = PBXBuildFile; fileRef = A955466027EDFCFB00B202AD /* shadow_balloon.png */; };
		A955468627EDFCFB00B202AD /* map_pinup.png in Resources */ = {isa = PBXBuildFile; fileRef = A955466127EDFCFB00B202AD /* map_pinup.png */; };
		A955468727EDFCFB00B202AD /* detail_button.png in Resources */ = {isa = PBXBuildFile; fileRef = A955466227EDFCFB00B202AD /* detail_button.png */; };
		A955468827EDFCFB00B202AD /* map_pin_custom@3x.png in Resources */ = {isa = PBXBuildFile; fileRef = A955466327EDFCFB00B202AD /* map_pin_custom@3x.png */; };
		A955468927EDFCFB00B202AD /* map_pinup@3x.png in Resources */ = {isa = PBXBuildFile; fileRef = A955466427EDFCFB00B202AD /* map_pinup@3x.png */; };
		A955468A27EDFCFB00B202AD /* map_pin_shadow@3x.png in Resources */ = {isa = PBXBuildFile; fileRef = A955466527EDFCFB00B202AD /* map_pin_shadow@3x.png */; };
		A955468B27EDFCFB00B202AD /* copyright.png in Resources */ = {isa = PBXBuildFile; fileRef = A955466627EDFCFB00B202AD /* copyright.png */; };
		A955468C27EDFCFB00B202AD /* th_line.png in Resources */ = {isa = PBXBuildFile; fileRef = A955466727EDFCFB00B202AD /* th_line.png */; };
		A955468D27EDFCFB00B202AD /* map_pin_red@3x.png in Resources */ = {isa = PBXBuildFile; fileRef = A955466827EDFCFB00B202AD /* map_pin_red@3x.png */; };
		A955468E27EDFCFB00B202AD /* daum_copyright.png in Resources */ = {isa = PBXBuildFile; fileRef = A955466927EDFCFB00B202AD /* daum_copyright.png */; };
		A955468F27EDFCFB00B202AD /* map_pin@3x.png in Resources */ = {isa = PBXBuildFile; fileRef = A955466A27EDFCFB00B202AD /* map_pin@3x.png */; };
		A955469027EDFCFB00B202AD /* map_present_tracking.png in Resources */ = {isa = PBXBuildFile; fileRef = A955466B27EDFCFB00B202AD /* map_present_tracking.png */; };
		A955469127EDFCFB00B202AD /* map_pin_red.png in Resources */ = {isa = PBXBuildFile; fileRef = A955466C27EDFCFB00B202AD /* map_pin_red.png */; };
		A955469227EDFCFB00B202AD /* info_box.png in Resources */ = {isa = PBXBuildFile; fileRef = A955467627EDFCFB00B202AD /* info_box.png */; };
		A955469327EDFCFB00B202AD /* point_sprite.png in Resources */ = {isa = PBXBuildFile; fileRef = A955467727EDFCFB00B202AD /* point_sprite.png */; };
		A955469427EDFCFB00B202AD /* map_pinup_custom.png in Resources */ = {isa = PBXBuildFile; fileRef = A955467827EDFCFB00B202AD /* map_pinup_custom.png */; };
		A955469527EDFCFB00B202AD /* info_box_tail.png in Resources */ = {isa = PBXBuildFile; fileRef = A955467927EDFCFB00B202AD /* info_box_tail.png */; };
		A955469627EDFCFB00B202AD /* noimage256.png in Resources */ = {isa = PBXBuildFile; fileRef = A955467A27EDFCFB00B202AD /* noimage256.png */; };
		A955469727EDFCFB00B202AD /* map_present_direction.png in Resources */ = {isa = PBXBuildFile; fileRef = A955467B27EDFCFB00B202AD /* map_present_direction.png */; };
		A955469827EDFCFB00B202AD /* map_pin.png in Resources */ = {isa = PBXBuildFile; fileRef = A955467C27EDFCFB00B202AD /* map_pin.png */; };
		A955469927EDFCFB00B202AD /* map_present.png in Resources */ = {isa = PBXBuildFile; fileRef = A955467D27EDFCFB00B202AD /* map_present.png */; };
		A955469A27EDFCFB00B202AD /* noimage.png in Resources */ = {isa = PBXBuildFile; fileRef = A955467E27EDFCFB00B202AD /* noimage.png */; };
		A955469B27EDFCFB00B202AD /* map_present_background_update.png in Resources */ = {isa = PBXBuildFile; fileRef = A955467F27EDFCFB00B202AD /* map_present_background_update.png */; };
		A955469C27EDFCFB00B202AD /* daum_th_line.png in Resources */ = {isa = PBXBuildFile; fileRef = A955468027EDFCFB00B202AD /* daum_th_line.png */; };
		A955469D27EDFCFB00B202AD /* map_pin_shadow.png in Resources */ = {isa = PBXBuildFile; fileRef = A955468127EDFCFB00B202AD /* map_pin_shadow.png */; };
		A955469E27EDFCFB00B202AD /* DaumMap.framework in Frameworks */ = {isa = PBXBuildFile; fileRef = A955468227EDFCFB00B202AD /* DaumMap.framework */; };
		A95546A027EDFD2B00B202AD /* OpenGLES.framework in Frameworks */ = {isa = PBXBuildFile; fileRef = A955469F27EDFD2B00B202AD /* OpenGLES.framework */; };
		A95546A227EDFD3300B202AD /* SystemConfiguration.framework in Frameworks */ = {isa = PBXBuildFile; fileRef = A95546A127EDFD3300B202AD /* SystemConfiguration.framework */; };
		A95546A427EDFD3F00B202AD /* CoreLocation.framework in Frameworks */ = {isa = PBXBuildFile; fileRef = A95546A327EDFD3F00B202AD /* CoreLocation.framework */; };
		A95546A627EDFD4900B202AD /* QuartzCore.framework in Frameworks */ = {isa = PBXBuildFile; fileRef = A95546A527EDFD4900B202AD /* QuartzCore.framework */; };
		A95546A827EDFD5200B202AD /* libc++.tbd in Frameworks */ = {isa = PBXBuildFile; fileRef = A95546A727EDFD5200B202AD /* libc++.tbd */; };
		A95546AA27EDFD5F00B202AD /* libxml2.tbd in Frameworks */ = {isa = PBXBuildFile; fileRef = A95546A927EDFD5F00B202AD /* libxml2.tbd */; };
		A95546AC27EDFD6E00B202AD /* libsqlite3.tbd in Frameworks */ = {isa = PBXBuildFile; fileRef = A95546AB27EDFD6E00B202AD /* libsqlite3.tbd */; };
		A95546AE27EE016F00B202AD /* LocationData.swift in Sources */ = {isa = PBXBuildFile; fileRef = A95546AD27EE016F00B202AD /* LocationData.swift */; };
		A95546B127EE01C100B202AD /* KLDocument.swift in Sources */ = {isa = PBXBuildFile; fileRef = A95546B027EE01C100B202AD /* KLDocument.swift */; };
		A95546B327EE054D00B202AD /* DetailListCellData.swift in Sources */ = {isa = PBXBuildFile; fileRef = A95546B227EE054D00B202AD /* DetailListCellData.swift */; };
		A993C85327F0A5CA00E07FF8 /* LocationInformationViewController.swift in Sources */ = {isa = PBXBuildFile; fileRef = A993C85227F0A5CA00E07FF8 /* LocationInformationViewController.swift */; };
		A993C85627F0A60400E07FF8 /* LocationInformationViewModel.swift in Sources */ = {isa = PBXBuildFile; fileRef = A993C85527F0A60400E07FF8 /* LocationInformationViewModel.swift */; };
		A9951D1A27F0A70A00A55009 /* RxBlocking in Frameworks */ = {isa = PBXBuildFile; productRef = A9951D1927F0A70A00A55009 /* RxBlocking */; };
		A9951D1C27F0A70A00A55009 /* RxCocoa in Frameworks */ = {isa = PBXBuildFile; productRef = A9951D1B27F0A70A00A55009 /* RxCocoa */; };
		A9951D1E27F0A70A00A55009 /* RxRelay in Frameworks */ = {isa = PBXBuildFile; productRef = A9951D1D27F0A70A00A55009 /* RxRelay */; };
		A9951D2027F0A70A00A55009 /* RxSwift in Frameworks */ = {isa = PBXBuildFile; productRef = A9951D1F27F0A70A00A55009 /* RxSwift */; };
		A9951D2227F0A70A00A55009 /* RxTest in Frameworks */ = {isa = PBXBuildFile; productRef = A9951D2127F0A70A00A55009 /* RxTest */; };
		A9951D2527F0A72400A55009 /* SnapKit in Frameworks */ = {isa = PBXBuildFile; productRef = A9951D2427F0A72400A55009 /* SnapKit */; };
		A9951D2727F0ADE900A55009 /* MTMapViewError.swift in Sources */ = {isa = PBXBuildFile; fileRef = A9951D2627F0ADE900A55009 /* MTMapViewError.swift */; };
/* End PBXBuildFile section */

/* Begin PBXFileReference section */
		A9448A4027F1D10100559FCD /* DetailListCell.swift */ = {isa = PBXFileReference; lastKnownFileType = sourcecode.swift; path = DetailListCell.swift; sourceTree = "<group>"; };
		A9448A4227F1D2E900559FCD /* DetailListBackgroundView.swift */ = {isa = PBXFileReference; lastKnownFileType = sourcecode.swift; path = DetailListBackgroundView.swift; sourceTree = "<group>"; };
		A9448A4427F1D37700559FCD /* DetailListBackgroundViewModel.swift */ = {isa = PBXFileReference; lastKnownFileType = sourcecode.swift; path = DetailListBackgroundViewModel.swift; sourceTree = "<group>"; };
		A955463F27EDED2900B202AD /* FindCVS.app */ = {isa = PBXFileReference; explicitFileType = wrapper.application; includeInIndex = 0; path = FindCVS.app; sourceTree = BUILT_PRODUCTS_DIR; };
		A955464227EDED2900B202AD /* AppDelegate.swift */ = {isa = PBXFileReference; lastKnownFileType = sourcecode.swift; path = AppDelegate.swift; sourceTree = "<group>"; };
		A955464427EDED2900B202AD /* SceneDelegate.swift */ = {isa = PBXFileReference; lastKnownFileType = sourcecode.swift; path = SceneDelegate.swift; sourceTree = "<group>"; };
		A955464B27EDED2B00B202AD /* Assets.xcassets */ = {isa = PBXFileReference; lastKnownFileType = folder.assetcatalog; path = Assets.xcassets; sourceTree = "<group>"; };
		A955464E27EDED2B00B202AD /* Base */ = {isa = PBXFileReference; lastKnownFileType = file.storyboard; name = Base; path = Base.lproj/LaunchScreen.storyboard; sourceTree = "<group>"; };
		A955465027EDED2B00B202AD /* Info.plist */ = {isa = PBXFileReference; lastKnownFileType = text.plist.xml; path = Info.plist; sourceTree = "<group>"; };
		A955465927EDFC2F00B202AD /* BridgingHeader.h */ = {isa = PBXFileReference; lastKnownFileType = sourcecode.c.h; path = BridgingHeader.h; sourceTree = "<group>"; };
		A955465E27EDFCFB00B202AD /* map_pinup_custom@3x.png */ = {isa = PBXFileReference; lastKnownFileType = image.png; path = "map_pinup_custom@3x.png"; sourceTree = "<group>"; };
		A955465F27EDFCFB00B202AD /* map_pin_custom.png */ = {isa = PBXFileReference; lastKnownFileType = image.png; path = map_pin_custom.png; sourceTree = "<group>"; };
		A955466027EDFCFB00B202AD /* shadow_balloon.png */ = {isa = PBXFileReference; lastKnownFileType = image.png; path = shadow_balloon.png; sourceTree = "<group>"; };
		A955466127EDFCFB00B202AD /* map_pinup.png */ = {isa = PBXFileReference; lastKnownFileType = image.png; path = map_pinup.png; sourceTree = "<group>"; };
		A955466227EDFCFB00B202AD /* detail_button.png */ = {isa = PBXFileReference; lastKnownFileType = image.png; path = detail_button.png; sourceTree = "<group>"; };
		A955466327EDFCFB00B202AD /* map_pin_custom@3x.png */ = {isa = PBXFileReference; lastKnownFileType = image.png; path = "map_pin_custom@3x.png"; sourceTree = "<group>"; };
		A955466427EDFCFB00B202AD /* map_pinup@3x.png */ = {isa = PBXFileReference; lastKnownFileType = image.png; path = "map_pinup@3x.png"; sourceTree = "<group>"; };
		A955466527EDFCFB00B202AD /* map_pin_shadow@3x.png */ = {isa = PBXFileReference; lastKnownFileType = image.png; path = "map_pin_shadow@3x.png"; sourceTree = "<group>"; };
		A955466627EDFCFB00B202AD /* copyright.png */ = {isa = PBXFileReference; lastKnownFileType = image.png; path = copyright.png; sourceTree = "<group>"; };
		A955466727EDFCFB00B202AD /* th_line.png */ = {isa = PBXFileReference; lastKnownFileType = image.png; path = th_line.png; sourceTree = "<group>"; };
		A955466827EDFCFB00B202AD /* map_pin_red@3x.png */ = {isa = PBXFileReference; lastKnownFileType = image.png; path = "map_pin_red@3x.png"; sourceTree = "<group>"; };
		A955466927EDFCFB00B202AD /* daum_copyright.png */ = {isa = PBXFileReference; lastKnownFileType = image.png; path = daum_copyright.png; sourceTree = "<group>"; };
		A955466A27EDFCFB00B202AD /* map_pin@3x.png */ = {isa = PBXFileReference; lastKnownFileType = image.png; path = "map_pin@3x.png"; sourceTree = "<group>"; };
		A955466B27EDFCFB00B202AD /* map_present_tracking.png */ = {isa = PBXFileReference; lastKnownFileType = image.png; path = map_present_tracking.png; sourceTree = "<group>"; };
		A955466C27EDFCFB00B202AD /* map_pin_red.png */ = {isa = PBXFileReference; lastKnownFileType = image.png; path = map_pin_red.png; sourceTree = "<group>"; };
		A955466E27EDFCFB00B202AD /* MTMapPOIItem.h */ = {isa = PBXFileReference; fileEncoding = 4; lastKnownFileType = sourcecode.c.h; path = MTMapPOIItem.h; sourceTree = "<group>"; };
		A955466F27EDFCFB00B202AD /* MTMapCameraUpdate.h */ = {isa = PBXFileReference; fileEncoding = 4; lastKnownFileType = sourcecode.c.h; path = MTMapCameraUpdate.h; sourceTree = "<group>"; };
		A955467027EDFCFB00B202AD /* MTMapReverseGeoCoder.h */ = {isa = PBXFileReference; fileEncoding = 4; lastKnownFileType = sourcecode.c.h; path = MTMapReverseGeoCoder.h; sourceTree = "<group>"; };
		A955467127EDFCFB00B202AD /* MTMapPolyline.h */ = {isa = PBXFileReference; fileEncoding = 4; lastKnownFileType = sourcecode.c.h; path = MTMapPolyline.h; sourceTree = "<group>"; };
		A955467227EDFCFB00B202AD /* MTMapLocationMarkerItem.h */ = {isa = PBXFileReference; fileEncoding = 4; lastKnownFileType = sourcecode.c.h; path = MTMapLocationMarkerItem.h; sourceTree = "<group>"; };
		A955467327EDFCFB00B202AD /* MTMapView.h */ = {isa = PBXFileReference; fileEncoding = 4; lastKnownFileType = sourcecode.c.h; path = MTMapView.h; sourceTree = "<group>"; };
		A955467427EDFCFB00B202AD /* MTMapGeometry.h */ = {isa = PBXFileReference; fileEncoding = 4; lastKnownFileType = sourcecode.c.h; path = MTMapGeometry.h; sourceTree = "<group>"; };
		A955467527EDFCFB00B202AD /* MTMapCircle.h */ = {isa = PBXFileReference; fileEncoding = 4; lastKnownFileType = sourcecode.c.h; path = MTMapCircle.h; sourceTree = "<group>"; };
		A955467627EDFCFB00B202AD /* info_box.png */ = {isa = PBXFileReference; lastKnownFileType = image.png; path = info_box.png; sourceTree = "<group>"; };
		A955467727EDFCFB00B202AD /* point_sprite.png */ = {isa = PBXFileReference; lastKnownFileType = image.png; path = point_sprite.png; sourceTree = "<group>"; };
		A955467827EDFCFB00B202AD /* map_pinup_custom.png */ = {isa = PBXFileReference; lastKnownFileType = image.png; path = map_pinup_custom.png; sourceTree = "<group>"; };
		A955467927EDFCFB00B202AD /* info_box_tail.png */ = {isa = PBXFileReference; lastKnownFileType = image.png; path = info_box_tail.png; sourceTree = "<group>"; };
		A955467A27EDFCFB00B202AD /* noimage256.png */ = {isa = PBXFileReference; lastKnownFileType = image.png; path = noimage256.png; sourceTree = "<group>"; };
		A955467B27EDFCFB00B202AD /* map_present_direction.png */ = {isa = PBXFileReference; lastKnownFileType = image.png; path = map_present_direction.png; sourceTree = "<group>"; };
		A955467C27EDFCFB00B202AD /* map_pin.png */ = {isa = PBXFileReference; lastKnownFileType = image.png; path = map_pin.png; sourceTree = "<group>"; };
		A955467D27EDFCFB00B202AD /* map_present.png */ = {isa = PBXFileReference; lastKnownFileType = image.png; path = map_present.png; sourceTree = "<group>"; };
		A955467E27EDFCFB00B202AD /* noimage.png */ = {isa = PBXFileReference; lastKnownFileType = image.png; path = noimage.png; sourceTree = "<group>"; };
		A955467F27EDFCFB00B202AD /* map_present_background_update.png */ = {isa = PBXFileReference; lastKnownFileType = image.png; path = map_present_background_update.png; sourceTree = "<group>"; };
		A955468027EDFCFB00B202AD /* daum_th_line.png */ = {isa = PBXFileReference; lastKnownFileType = image.png; path = daum_th_line.png; sourceTree = "<group>"; };
		A955468127EDFCFB00B202AD /* map_pin_shadow.png */ = {isa = PBXFileReference; lastKnownFileType = image.png; path = map_pin_shadow.png; sourceTree = "<group>"; };
		A955468227EDFCFB00B202AD /* DaumMap.framework */ = {isa = PBXFileReference; lastKnownFileType = wrapper.framework; path = DaumMap.framework; sourceTree = "<group>"; };
		A955469F27EDFD2B00B202AD /* OpenGLES.framework */ = {isa = PBXFileReference; lastKnownFileType = wrapper.framework; name = OpenGLES.framework; path = System/Library/Frameworks/OpenGLES.framework; sourceTree = SDKROOT; };
		A95546A127EDFD3300B202AD /* SystemConfiguration.framework */ = {isa = PBXFileReference; lastKnownFileType = wrapper.framework; name = SystemConfiguration.framework; path = System/Library/Frameworks/SystemConfiguration.framework; sourceTree = SDKROOT; };
		A95546A327EDFD3F00B202AD /* CoreLocation.framework */ = {isa = PBXFileReference; lastKnownFileType = wrapper.framework; name = CoreLocation.framework; path = System/Library/Frameworks/CoreLocation.framework; sourceTree = SDKROOT; };
		A95546A527EDFD4900B202AD /* QuartzCore.framework */ = {isa = PBXFileReference; lastKnownFileType = wrapper.framework; name = QuartzCore.framework; path = System/Library/Frameworks/QuartzCore.framework; sourceTree = SDKROOT; };
		A95546A727EDFD5200B202AD /* libc++.tbd */ = {isa = PBXFileReference; lastKnownFileType = "sourcecode.text-based-dylib-definition"; name = "libc++.tbd"; path = "usr/lib/libc++.tbd"; sourceTree = SDKROOT; };
		A95546A927EDFD5F00B202AD /* libxml2.tbd */ = {isa = PBXFileReference; lastKnownFileType = "sourcecode.text-based-dylib-definition"; name = libxml2.tbd; path = usr/lib/libxml2.tbd; sourceTree = SDKROOT; };
		A95546AB27EDFD6E00B202AD /* libsqlite3.tbd */ = {isa = PBXFileReference; lastKnownFileType = "sourcecode.text-based-dylib-definition"; name = libsqlite3.tbd; path = usr/lib/libsqlite3.tbd; sourceTree = SDKROOT; };
		A95546AD27EE016F00B202AD /* LocationData.swift */ = {isa = PBXFileReference; lastKnownFileType = sourcecode.swift; path = LocationData.swift; sourceTree = "<group>"; };
		A95546B027EE01C100B202AD /* KLDocument.swift */ = {isa = PBXFileReference; lastKnownFileType = sourcecode.swift; path = KLDocument.swift; sourceTree = "<group>"; };
		A95546B227EE054D00B202AD /* DetailListCellData.swift */ = {isa = PBXFileReference; lastKnownFileType = sourcecode.swift; path = DetailListCellData.swift; sourceTree = "<group>"; };
		A993C85227F0A5CA00E07FF8 /* LocationInformationViewController.swift */ = {isa = PBXFileReference; lastKnownFileType = sourcecode.swift; path = LocationInformationViewController.swift; sourceTree = "<group>"; };
		A993C85527F0A60400E07FF8 /* LocationInformationViewModel.swift */ = {isa = PBXFileReference; lastKnownFileType = sourcecode.swift; path = LocationInformationViewModel.swift; sourceTree = "<group>"; };
		A9951D2627F0ADE900A55009 /* MTMapViewError.swift */ = {isa = PBXFileReference; lastKnownFileType = sourcecode.swift; path = MTMapViewError.swift; sourceTree = "<group>"; };
/* End PBXFileReference section */

/* Begin PBXFrameworksBuildPhase section */
		A955463C27EDED2900B202AD /* Frameworks */ = {
			isa = PBXFrameworksBuildPhase;
			buildActionMask = 2147483647;
			files = (
				A9951D2227F0A70A00A55009 /* RxTest in Frameworks */,
				A95546AC27EDFD6E00B202AD /* libsqlite3.tbd in Frameworks */,
				A9951D1A27F0A70A00A55009 /* RxBlocking in Frameworks */,
				A9951D2527F0A72400A55009 /* SnapKit in Frameworks */,
				A9951D1C27F0A70A00A55009 /* RxCocoa in Frameworks */,
				A95546AA27EDFD5F00B202AD /* libxml2.tbd in Frameworks */,
				A95546A827EDFD5200B202AD /* libc++.tbd in Frameworks */,
				A95546A627EDFD4900B202AD /* QuartzCore.framework in Frameworks */,
				A9951D2027F0A70A00A55009 /* RxSwift in Frameworks */,
				A95546A427EDFD3F00B202AD /* CoreLocation.framework in Frameworks */,
				A95546A227EDFD3300B202AD /* SystemConfiguration.framework in Frameworks */,
				A95546A027EDFD2B00B202AD /* OpenGLES.framework in Frameworks */,
				A955469E27EDFCFB00B202AD /* DaumMap.framework in Frameworks */,
				A9951D1E27F0A70A00A55009 /* RxRelay in Frameworks */,
			);
			runOnlyForDeploymentPostprocessing = 0;
		};
/* End PBXFrameworksBuildPhase section */

/* Begin PBXGroup section */
		A955463627EDED2900B202AD = {
			isa = PBXGroup;
			children = (
				A955464127EDED2900B202AD /* FindCVS */,
				A955464027EDED2900B202AD /* Products */,
				A955465A27EDFCAC00B202AD /* Frameworks */,
			);
			sourceTree = "<group>";
		};
		A955464027EDED2900B202AD /* Products */ = {
			isa = PBXGroup;
			children = (
				A955463F27EDED2900B202AD /* FindCVS.app */,
			);
			name = Products;
			sourceTree = "<group>";
		};
		A955464127EDED2900B202AD /* FindCVS */ = {
			isa = PBXGroup;
			children = (
				A955465927EDFC2F00B202AD /* BridgingHeader.h */,
				A955464227EDED2900B202AD /* AppDelegate.swift */,
				A955464427EDED2900B202AD /* SceneDelegate.swift */,
				A993C85427F0A5D500E07FF8 /* Presentation */,
				A95546AF27EE017B00B202AD /* Entities */,
				A955464B27EDED2B00B202AD /* Assets.xcassets */,
				A955464D27EDED2B00B202AD /* LaunchScreen.storyboard */,
				A955465027EDED2B00B202AD /* Info.plist */,
			);
			path = FindCVS;
			sourceTree = "<group>";
		};
		A955465A27EDFCAC00B202AD /* Frameworks */ = {
			isa = PBXGroup;
			children = (
				A95546AB27EDFD6E00B202AD /* libsqlite3.tbd */,
				A95546A927EDFD5F00B202AD /* libxml2.tbd */,
				A95546A727EDFD5200B202AD /* libc++.tbd */,
				A95546A527EDFD4900B202AD /* QuartzCore.framework */,
				A95546A327EDFD3F00B202AD /* CoreLocation.framework */,
				A95546A127EDFD3300B202AD /* SystemConfiguration.framework */,
				A955469F27EDFD2B00B202AD /* OpenGLES.framework */,
				A955465C27EDFCFB00B202AD /* DaumMap.embeddedframework */,
			);
			name = Frameworks;
			sourceTree = "<group>";
		};
		A955465C27EDFCFB00B202AD /* DaumMap.embeddedframework */ = {
			isa = PBXGroup;
			children = (
				A955465D27EDFCFB00B202AD /* Resources */,
				A955468227EDFCFB00B202AD /* DaumMap.framework */,
			);
			path = DaumMap.embeddedframework;
			sourceTree = "<group>";
		};
		A955465D27EDFCFB00B202AD /* Resources */ = {
			isa = PBXGroup;
			children = (
				A955465E27EDFCFB00B202AD /* map_pinup_custom@3x.png */,
				A955465F27EDFCFB00B202AD /* map_pin_custom.png */,
				A955466027EDFCFB00B202AD /* shadow_balloon.png */,
				A955466127EDFCFB00B202AD /* map_pinup.png */,
				A955466227EDFCFB00B202AD /* detail_button.png */,
				A955466327EDFCFB00B202AD /* map_pin_custom@3x.png */,
				A955466427EDFCFB00B202AD /* map_pinup@3x.png */,
				A955466527EDFCFB00B202AD /* map_pin_shadow@3x.png */,
				A955466627EDFCFB00B202AD /* copyright.png */,
				A955466727EDFCFB00B202AD /* th_line.png */,
				A955466827EDFCFB00B202AD /* map_pin_red@3x.png */,
				A955466927EDFCFB00B202AD /* daum_copyright.png */,
				A955466A27EDFCFB00B202AD /* map_pin@3x.png */,
				A955466B27EDFCFB00B202AD /* map_present_tracking.png */,
				A955466C27EDFCFB00B202AD /* map_pin_red.png */,
				A955466D27EDFCFB00B202AD /* Headers */,
				A955467627EDFCFB00B202AD /* info_box.png */,
				A955467727EDFCFB00B202AD /* point_sprite.png */,
				A955467827EDFCFB00B202AD /* map_pinup_custom.png */,
				A955467927EDFCFB00B202AD /* info_box_tail.png */,
				A955467A27EDFCFB00B202AD /* noimage256.png */,
				A955467B27EDFCFB00B202AD /* map_present_direction.png */,
				A955467C27EDFCFB00B202AD /* map_pin.png */,
				A955467D27EDFCFB00B202AD /* map_present.png */,
				A955467E27EDFCFB00B202AD /* noimage.png */,
				A955467F27EDFCFB00B202AD /* map_present_background_update.png */,
				A955468027EDFCFB00B202AD /* daum_th_line.png */,
				A955468127EDFCFB00B202AD /* map_pin_shadow.png */,
			);
			path = Resources;
			sourceTree = "<group>";
		};
		A955466D27EDFCFB00B202AD /* Headers */ = {
			isa = PBXGroup;
			children = (
				A955466E27EDFCFB00B202AD /* MTMapPOIItem.h */,
				A955466F27EDFCFB00B202AD /* MTMapCameraUpdate.h */,
				A955467027EDFCFB00B202AD /* MTMapReverseGeoCoder.h */,
				A955467127EDFCFB00B202AD /* MTMapPolyline.h */,
				A955467227EDFCFB00B202AD /* MTMapLocationMarkerItem.h */,
				A955467327EDFCFB00B202AD /* MTMapView.h */,
				A955467427EDFCFB00B202AD /* MTMapGeometry.h */,
				A955467527EDFCFB00B202AD /* MTMapCircle.h */,
			);
			path = Headers;
			sourceTree = "<group>";
		};
		A95546AF27EE017B00B202AD /* Entities */ = {
			isa = PBXGroup;
			children = (
				A95546AD27EE016F00B202AD /* LocationData.swift */,
				A95546B027EE01C100B202AD /* KLDocument.swift */,
				A95546B227EE054D00B202AD /* DetailListCellData.swift */,
				A9951D2627F0ADE900A55009 /* MTMapViewError.swift */,
			);
			path = Entities;
			sourceTree = "<group>";
		};
		A993C85427F0A5D500E07FF8 /* Presentation */ = {
			isa = PBXGroup;
			children = (
				A993C85227F0A5CA00E07FF8 /* LocationInformationViewController.swift */,
				A993C85527F0A60400E07FF8 /* LocationInformationViewModel.swift */,
				A9448A4027F1D10100559FCD /* DetailListCell.swift */,
				A9448A4227F1D2E900559FCD /* DetailListBackgroundView.swift */,
				A9448A4427F1D37700559FCD /* DetailListBackgroundViewModel.swift */,
			);
			path = Presentation;
			sourceTree = "<group>";
		};
/* End PBXGroup section */

/* Begin PBXNativeTarget section */
		A955463E27EDED2900B202AD /* FindCVS */ = {
			isa = PBXNativeTarget;
			buildConfigurationList = A955465327EDED2B00B202AD /* Build configuration list for PBXNativeTarget "FindCVS" */;
			buildPhases = (
				A955463B27EDED2900B202AD /* Sources */,
				A955463C27EDED2900B202AD /* Frameworks */,
				A955463D27EDED2900B202AD /* Resources */,
			);
			buildRules = (
			);
			dependencies = (
			);
			name = FindCVS;
			packageProductDependencies = (
				A9951D1927F0A70A00A55009 /* RxBlocking */,
				A9951D1B27F0A70A00A55009 /* RxCocoa */,
				A9951D1D27F0A70A00A55009 /* RxRelay */,
				A9951D1F27F0A70A00A55009 /* RxSwift */,
				A9951D2127F0A70A00A55009 /* RxTest */,
				A9951D2427F0A72400A55009 /* SnapKit */,
			);
			productName = FindCVS;
			productReference = A955463F27EDED2900B202AD /* FindCVS.app */;
			productType = "com.apple.product-type.application";
		};
/* End PBXNativeTarget section */

/* Begin PBXProject section */
		A955463727EDED2900B202AD /* Project object */ = {
			isa = PBXProject;
			attributes = {
				BuildIndependentTargetsInParallel = 1;
				LastSwiftUpdateCheck = 1320;
				LastUpgradeCheck = 1320;
				TargetAttributes = {
					A955463E27EDED2900B202AD = {
						CreatedOnToolsVersion = 13.2.1;
					};
				};
			};
			buildConfigurationList = A955463A27EDED2900B202AD /* Build configuration list for PBXProject "FindCVS" */;
			compatibilityVersion = "Xcode 13.0";
			developmentRegion = en;
			hasScannedForEncodings = 0;
			knownRegions = (
				en,
				Base,
			);
			mainGroup = A955463627EDED2900B202AD;
			packageReferences = (
				A9951D1827F0A70A00A55009 /* XCRemoteSwiftPackageReference "RxSwift" */,
				A9951D2327F0A72400A55009 /* XCRemoteSwiftPackageReference "SnapKit" */,
			);
			productRefGroup = A955464027EDED2900B202AD /* Products */;
			projectDirPath = "";
			projectRoot = "";
			targets = (
				A955463E27EDED2900B202AD /* FindCVS */,
			);
		};
/* End PBXProject section */

/* Begin PBXResourcesBuildPhase section */
		A955463D27EDED2900B202AD /* Resources */ = {
			isa = PBXResourcesBuildPhase;
			buildActionMask = 2147483647;
			files = (
				A955469927EDFCFB00B202AD /* map_present.png in Resources */,
				A955468F27EDFCFB00B202AD /* map_pin@3x.png in Resources */,
				A955468D27EDFCFB00B202AD /* map_pin_red@3x.png in Resources */,
				A955469827EDFCFB00B202AD /* map_pin.png in Resources */,
				A955469127EDFCFB00B202AD /* map_pin_red.png in Resources */,
				A955468327EDFCFB00B202AD /* map_pinup_custom@3x.png in Resources */,
				A955468B27EDFCFB00B202AD /* copyright.png in Resources */,
				A955468A27EDFCFB00B202AD /* map_pin_shadow@3x.png in Resources */,
				A955464F27EDED2B00B202AD /* LaunchScreen.storyboard in Resources */,
				A955468E27EDFCFB00B202AD /* daum_copyright.png in Resources */,
				A955469227EDFCFB00B202AD /* info_box.png in Resources */,
				A955468827EDFCFB00B202AD /* map_pin_custom@3x.png in Resources */,
				A955469D27EDFCFB00B202AD /* map_pin_shadow.png in Resources */,
				A955469027EDFCFB00B202AD /* map_present_tracking.png in Resources */,
				A955468727EDFCFB00B202AD /* detail_button.png in Resources */,
				A955469A27EDFCFB00B202AD /* noimage.png in Resources */,
				A955468C27EDFCFB00B202AD /* th_line.png in Resources */,
				A955469527EDFCFB00B202AD /* info_box_tail.png in Resources */,
				A955468427EDFCFB00B202AD /* map_pin_custom.png in Resources */,
				A955469427EDFCFB00B202AD /* map_pinup_custom.png in Resources */,
				A955468927EDFCFB00B202AD /* map_pinup@3x.png in Resources */,
				A955469327EDFCFB00B202AD /* point_sprite.png in Resources */,
				A955469B27EDFCFB00B202AD /* map_present_background_update.png in Resources */,
				A955469727EDFCFB00B202AD /* map_present_direction.png in Resources */,
				A955469627EDFCFB00B202AD /* noimage256.png in Resources */,
				A955468527EDFCFB00B202AD /* shadow_balloon.png in Resources */,
				A955464C27EDED2B00B202AD /* Assets.xcassets in Resources */,
				A955469C27EDFCFB00B202AD /* daum_th_line.png in Resources */,
				A955468627EDFCFB00B202AD /* map_pinup.png in Resources */,
			);
			runOnlyForDeploymentPostprocessing = 0;
		};
/* End PBXResourcesBuildPhase section */

/* Begin PBXSourcesBuildPhase section */
		A955463B27EDED2900B202AD /* Sources */ = {
			isa = PBXSourcesBuildPhase;
			buildActionMask = 2147483647;
			files = (
				A9448A4327F1D2E900559FCD /* DetailListBackgroundView.swift in Sources */,
				A95546AE27EE016F00B202AD /* LocationData.swift in Sources */,
				A95546B127EE01C100B202AD /* KLDocument.swift in Sources */,
				A993C85327F0A5CA00E07FF8 /* LocationInformationViewController.swift in Sources */,
				A9951D2727F0ADE900A55009 /* MTMapViewError.swift in Sources */,
				A9448A4127F1D10100559FCD /* DetailListCell.swift in Sources */,
				A9448A4527F1D37700559FCD /* DetailListBackgroundViewModel.swift in Sources */,
				A955464327EDED2900B202AD /* AppDelegate.swift in Sources */,
				A95546B327EE054D00B202AD /* DetailListCellData.swift in Sources */,
				A955464527EDED2900B202AD /* SceneDelegate.swift in Sources */,
				A993C85627F0A60400E07FF8 /* LocationInformationViewModel.swift in Sources */,
			);
			runOnlyForDeploymentPostprocessing = 0;
		};
/* End PBXSourcesBuildPhase section */

/* Begin PBXVariantGroup section */
		A955464D27EDED2B00B202AD /* LaunchScreen.storyboard */ = {
			isa = PBXVariantGroup;
			children = (
				A955464E27EDED2B00B202AD /* Base */,
			);
			name = LaunchScreen.storyboard;
			sourceTree = "<group>";
		};
/* End PBXVariantGroup section */

/* Begin XCBuildConfiguration section */
		A955465127EDED2B00B202AD /* Debug */ = {
			isa = XCBuildConfiguration;
			buildSettings = {
				ALWAYS_SEARCH_USER_PATHS = NO;
				CLANG_ANALYZER_NONNULL = YES;
				CLANG_ANALYZER_NUMBER_OBJECT_CONVERSION = YES_AGGRESSIVE;
				CLANG_CXX_LANGUAGE_STANDARD = "gnu++17";
				CLANG_CXX_LIBRARY = "libc++";
				CLANG_ENABLE_MODULES = YES;
				CLANG_ENABLE_OBJC_ARC = NO;
				CLANG_ENABLE_OBJC_WEAK = YES;
				CLANG_WARN_BLOCK_CAPTURE_AUTORELEASING = YES;
				CLANG_WARN_BOOL_CONVERSION = YES;
				CLANG_WARN_COMMA = YES;
				CLANG_WARN_CONSTANT_CONVERSION = YES;
				CLANG_WARN_DEPRECATED_OBJC_IMPLEMENTATIONS = YES;
				CLANG_WARN_DIRECT_OBJC_ISA_USAGE = YES_ERROR;
				CLANG_WARN_DOCUMENTATION_COMMENTS = YES;
				CLANG_WARN_EMPTY_BODY = YES;
				CLANG_WARN_ENUM_CONVERSION = YES;
				CLANG_WARN_INFINITE_RECURSION = YES;
				CLANG_WARN_INT_CONVERSION = YES;
				CLANG_WARN_NON_LITERAL_NULL_CONVERSION = YES;
				CLANG_WARN_OBJC_IMPLICIT_RETAIN_SELF = YES;
				CLANG_WARN_OBJC_LITERAL_CONVERSION = YES;
				CLANG_WARN_OBJC_ROOT_CLASS = YES_ERROR;
				CLANG_WARN_QUOTED_INCLUDE_IN_FRAMEWORK_HEADER = YES;
				CLANG_WARN_RANGE_LOOP_ANALYSIS = YES;
				CLANG_WARN_STRICT_PROTOTYPES = YES;
				CLANG_WARN_SUSPICIOUS_MOVE = YES;
				CLANG_WARN_UNGUARDED_AVAILABILITY = YES_AGGRESSIVE;
				CLANG_WARN_UNREACHABLE_CODE = YES;
				CLANG_WARN__DUPLICATE_METHOD_MATCH = YES;
				COPY_PHASE_STRIP = NO;
				DEBUG_INFORMATION_FORMAT = dwarf;
				ENABLE_STRICT_OBJC_MSGSEND = YES;
				ENABLE_TESTABILITY = YES;
				GCC_C_LANGUAGE_STANDARD = gnu11;
				GCC_DYNAMIC_NO_PIC = NO;
				GCC_NO_COMMON_BLOCKS = YES;
				GCC_OPTIMIZATION_LEVEL = 0;
				GCC_PREPROCESSOR_DEFINITIONS = (
					"DEBUG=1",
					"$(inherited)",
				);
				GCC_WARN_64_TO_32_BIT_CONVERSION = YES;
				GCC_WARN_ABOUT_RETURN_TYPE = YES_ERROR;
				GCC_WARN_UNDECLARED_SELECTOR = YES;
				GCC_WARN_UNINITIALIZED_AUTOS = YES_AGGRESSIVE;
				GCC_WARN_UNUSED_FUNCTION = YES;
				GCC_WARN_UNUSED_VARIABLE = YES;
				IPHONEOS_DEPLOYMENT_TARGET = 15.2;
				MTL_ENABLE_DEBUG_INFO = INCLUDE_SOURCE;
				MTL_FAST_MATH = YES;
				ONLY_ACTIVE_ARCH = YES;
				SDKROOT = iphoneos;
				SWIFT_ACTIVE_COMPILATION_CONDITIONS = DEBUG;
				SWIFT_OPTIMIZATION_LEVEL = "-Onone";
			};
			name = Debug;
		};
		A955465227EDED2B00B202AD /* Release */ = {
			isa = XCBuildConfiguration;
			buildSettings = {
				ALWAYS_SEARCH_USER_PATHS = NO;
				CLANG_ANALYZER_NONNULL = YES;
				CLANG_ANALYZER_NUMBER_OBJECT_CONVERSION = YES_AGGRESSIVE;
				CLANG_CXX_LANGUAGE_STANDARD = "gnu++17";
				CLANG_CXX_LIBRARY = "libc++";
				CLANG_ENABLE_MODULES = YES;
				CLANG_ENABLE_OBJC_ARC = NO;
				CLANG_ENABLE_OBJC_WEAK = YES;
				CLANG_WARN_BLOCK_CAPTURE_AUTORELEASING = YES;
				CLANG_WARN_BOOL_CONVERSION = YES;
				CLANG_WARN_COMMA = YES;
				CLANG_WARN_CONSTANT_CONVERSION = YES;
				CLANG_WARN_DEPRECATED_OBJC_IMPLEMENTATIONS = YES;
				CLANG_WARN_DIRECT_OBJC_ISA_USAGE = YES_ERROR;
				CLANG_WARN_DOCUMENTATION_COMMENTS = YES;
				CLANG_WARN_EMPTY_BODY = YES;
				CLANG_WARN_ENUM_CONVERSION = YES;
				CLANG_WARN_INFINITE_RECURSION = YES;
				CLANG_WARN_INT_CONVERSION = YES;
				CLANG_WARN_NON_LITERAL_NULL_CONVERSION = YES;
				CLANG_WARN_OBJC_IMPLICIT_RETAIN_SELF = YES;
				CLANG_WARN_OBJC_LITERAL_CONVERSION = YES;
				CLANG_WARN_OBJC_ROOT_CLASS = YES_ERROR;
				CLANG_WARN_QUOTED_INCLUDE_IN_FRAMEWORK_HEADER = YES;
				CLANG_WARN_RANGE_LOOP_ANALYSIS = YES;
				CLANG_WARN_STRICT_PROTOTYPES = YES;
				CLANG_WARN_SUSPICIOUS_MOVE = YES;
				CLANG_WARN_UNGUARDED_AVAILABILITY = YES_AGGRESSIVE;
				CLANG_WARN_UNREACHABLE_CODE = YES;
				CLANG_WARN__DUPLICATE_METHOD_MATCH = YES;
				COPY_PHASE_STRIP = NO;
				DEBUG_INFORMATION_FORMAT = "dwarf-with-dsym";
				ENABLE_NS_ASSERTIONS = NO;
				ENABLE_STRICT_OBJC_MSGSEND = YES;
				GCC_C_LANGUAGE_STANDARD = gnu11;
				GCC_NO_COMMON_BLOCKS = YES;
				GCC_WARN_64_TO_32_BIT_CONVERSION = YES;
				GCC_WARN_ABOUT_RETURN_TYPE = YES_ERROR;
				GCC_WARN_UNDECLARED_SELECTOR = YES;
				GCC_WARN_UNINITIALIZED_AUTOS = YES_AGGRESSIVE;
				GCC_WARN_UNUSED_FUNCTION = YES;
				GCC_WARN_UNUSED_VARIABLE = YES;
				IPHONEOS_DEPLOYMENT_TARGET = 15.2;
				MTL_ENABLE_DEBUG_INFO = NO;
				MTL_FAST_MATH = YES;
				SDKROOT = iphoneos;
				SWIFT_COMPILATION_MODE = wholemodule;
				SWIFT_OPTIMIZATION_LEVEL = "-O";
				VALIDATE_PRODUCT = YES;
			};
			name = Release;
		};
		A955465427EDED2B00B202AD /* Debug */ = {
			isa = XCBuildConfiguration;
			buildSettings = {
				ASSETCATALOG_COMPILER_APPICON_NAME = AppIcon;
				ASSETCATALOG_COMPILER_GLOBAL_ACCENT_COLOR_NAME = AccentColor;
				CODE_SIGN_STYLE = Automatic;
				CURRENT_PROJECT_VERSION = 1;
				DEVELOPMENT_TEAM = YB3R3CK6WP;
				FRAMEWORK_SEARCH_PATHS = (
					"$(inherited)",
					"$(PROJECT_DIR)/DaumMap.embeddedframework",
				);
				GENERATE_INFOPLIST_FILE = YES;
				INFOPLIST_FILE = FindCVS/Info.plist;
				INFOPLIST_KEY_UIApplicationSupportsIndirectInputEvents = YES;
				INFOPLIST_KEY_UILaunchStoryboardName = LaunchScreen;
				INFOPLIST_KEY_UIMainStoryboardFile = Main;
				INFOPLIST_KEY_UISupportedInterfaceOrientations_iPad = "UIInterfaceOrientationPortrait UIInterfaceOrientationPortraitUpsideDown UIInterfaceOrientationLandscapeLeft UIInterfaceOrientationLandscapeRight";
				INFOPLIST_KEY_UISupportedInterfaceOrientations_iPhone = "UIInterfaceOrientationPortrait UIInterfaceOrientationLandscapeLeft UIInterfaceOrientationLandscapeRight";
				LD_RUNPATH_SEARCH_PATHS = (
					"$(inherited)",
					"@executable_path/Frameworks",
				);
				MARKETING_VERSION = 1.0;
				PRODUCT_BUNDLE_IDENTIFIER = "min-kyoung.FindCVS";
				PRODUCT_NAME = "$(TARGET_NAME)";
				SWIFT_EMIT_LOC_STRINGS = YES;
				SWIFT_OBJC_BRIDGING_HEADER = /Users/rohminkyoung/Desktop/FindCVS/FindCVS/BridgingHeader.h;
				SWIFT_VERSION = 5.0;
				TARGETED_DEVICE_FAMILY = "1,2";
			};
			name = Debug;
		};
		A955465527EDED2B00B202AD /* Release */ = {
			isa = XCBuildConfiguration;
			buildSettings = {
				ASSETCATALOG_COMPILER_APPICON_NAME = AppIcon;
				ASSETCATALOG_COMPILER_GLOBAL_ACCENT_COLOR_NAME = AccentColor;
				CODE_SIGN_STYLE = Automatic;
				CURRENT_PROJECT_VERSION = 1;
				DEVELOPMENT_TEAM = YB3R3CK6WP;
				FRAMEWORK_SEARCH_PATHS = (
					"$(inherited)",
					"$(PROJECT_DIR)/DaumMap.embeddedframework",
				);
				GENERATE_INFOPLIST_FILE = YES;
				INFOPLIST_FILE = FindCVS/Info.plist;
				INFOPLIST_KEY_UIApplicationSupportsIndirectInputEvents = YES;
				INFOPLIST_KEY_UILaunchStoryboardName = LaunchScreen;
				INFOPLIST_KEY_UIMainStoryboardFile = Main;
				INFOPLIST_KEY_UISupportedInterfaceOrientations_iPad = "UIInterfaceOrientationPortrait UIInterfaceOrientationPortraitUpsideDown UIInterfaceOrientationLandscapeLeft UIInterfaceOrientationLandscapeRight";
				INFOPLIST_KEY_UISupportedInterfaceOrientations_iPhone = "UIInterfaceOrientationPortrait UIInterfaceOrientationLandscapeLeft UIInterfaceOrientationLandscapeRight";
				LD_RUNPATH_SEARCH_PATHS = (
					"$(inherited)",
					"@executable_path/Frameworks",
				);
				MARKETING_VERSION = 1.0;
				PRODUCT_BUNDLE_IDENTIFIER = "min-kyoung.FindCVS";
				PRODUCT_NAME = "$(TARGET_NAME)";
				SWIFT_EMIT_LOC_STRINGS = YES;
				SWIFT_OBJC_BRIDGING_HEADER = /Users/rohminkyoung/Desktop/FindCVS/FindCVS/BridgingHeader.h;
				SWIFT_VERSION = 5.0;
				TARGETED_DEVICE_FAMILY = "1,2";
			};
			name = Release;
		};
/* End XCBuildConfiguration section */

/* Begin XCConfigurationList section */
		A955463A27EDED2900B202AD /* Build configuration list for PBXProject "FindCVS" */ = {
			isa = XCConfigurationList;
			buildConfigurations = (
				A955465127EDED2B00B202AD /* Debug */,
				A955465227EDED2B00B202AD /* Release */,
			);
			defaultConfigurationIsVisible = 0;
			defaultConfigurationName = Release;
		};
		A955465327EDED2B00B202AD /* Build configuration list for PBXNativeTarget "FindCVS" */ = {
			isa = XCConfigurationList;
			buildConfigurations = (
				A955465427EDED2B00B202AD /* Debug */,
				A955465527EDED2B00B202AD /* Release */,
			);
			defaultConfigurationIsVisible = 0;
			defaultConfigurationName = Release;
		};
/* End XCConfigurationList section */

/* Begin XCRemoteSwiftPackageReference section */
		A9951D1827F0A70A00A55009 /* XCRemoteSwiftPackageReference "RxSwift" */ = {
			isa = XCRemoteSwiftPackageReference;
			repositoryURL = "https://github.com/ReactiveX/RxSwift.git";
			requirement = {
				kind = exactVersion;
				version = 6.5.0;
			};
		};
		A9951D2327F0A72400A55009 /* XCRemoteSwiftPackageReference "SnapKit" */ = {
			isa = XCRemoteSwiftPackageReference;
			repositoryURL = "https://github.com/SnapKit/SnapKit.git";
			requirement = {
				kind = exactVersion;
				version = 5.0.1;
			};
		};
/* End XCRemoteSwiftPackageReference section */

/* Begin XCSwiftPackageProductDependency section */
		A9951D1927F0A70A00A55009 /* RxBlocking */ = {
			isa = XCSwiftPackageProductDependency;
			package = A9951D1827F0A70A00A55009 /* XCRemoteSwiftPackageReference "RxSwift" */;
			productName = RxBlocking;
		};
		A9951D1B27F0A70A00A55009 /* RxCocoa */ = {
			isa = XCSwiftPackageProductDependency;
			package = A9951D1827F0A70A00A55009 /* XCRemoteSwiftPackageReference "RxSwift" */;
			productName = RxCocoa;
		};
		A9951D1D27F0A70A00A55009 /* RxRelay */ = {
			isa = XCSwiftPackageProductDependency;
			package = A9951D1827F0A70A00A55009 /* XCRemoteSwiftPackageReference "RxSwift" */;
			productName = RxRelay;
		};
		A9951D1F27F0A70A00A55009 /* RxSwift */ = {
			isa = XCSwiftPackageProductDependency;
			package = A9951D1827F0A70A00A55009 /* XCRemoteSwiftPackageReference "RxSwift" */;
			productName = RxSwift;
		};
		A9951D2127F0A70A00A55009 /* RxTest */ = {
			isa = XCSwiftPackageProductDependency;
			package = A9951D1827F0A70A00A55009 /* XCRemoteSwiftPackageReference "RxSwift" */;
			productName = RxTest;
		};
		A9951D2427F0A72400A55009 /* SnapKit */ = {
			isa = XCSwiftPackageProductDependency;
			package = A9951D2327F0A72400A55009 /* XCRemoteSwiftPackageReference "SnapKit" */;
			productName = SnapKit;
		};
/* End XCSwiftPackageProductDependency section */
	};
	rootObject = A955463727EDED2900B202AD /* Project object */;
}
